
Microsoft Visual Studio Solution File, Format Version 10.00
# Visual Studio 2008
Project("{FAE04EC0-301F-11D3-BF4B-00C04F79EFBC}") = "TlsAnalyzer", "TlsAnalyzer.csproj", "{A7697B31-D46D-4701-AF82-FA40CCA788FE}"
EndProject
Project("{FAE04EC0-301F-11D3-BF4B-00C04F79EFBC}") = "UnitTests", "UnitTests\UnitTests.csproj", "{E72B8416-D948-48AF-AA0A-93F08F43500C}"
EndProject
Global
	GlobalSection(SolutionConfigurationPlatforms) = preSolution
		Debug|Any CPU = Debug|Any CPU
		Release|Any CPU = Release|Any CPU
	EndGlobalSection
	GlobalSection(ProjectConfigurationPlatforms) = postSolution
		{A7697B31-D46D-4701-AF82-FA40CCA788FE}.Debug|Any CPU.ActiveCfg = Debug|Any CPU
		{A7697B31-D46D-4701-AF82-FA40CCA788FE}.Debug|Any CPU.Build.0 = Debug|Any CPU
		{A7697B31-D46D-4701-AF82-FA40CCA788FE}.Release|Any CPU.ActiveCfg = Release|Any CPU
		{A7697B31-D46D-4701-AF82-FA40CCA788FE}.Release|Any CPU.Build.0 = Release|Any CPU
		{E72B8416-D948-48AF-AA0A-93F08F43500C}.Debug|Any CPU.ActiveCfg = Debug|Any CPU
		{E72B8416-D948-48AF-AA0A-93F08F43500C}.Debug|Any CPU.Build.0 = Debug|Any CPU
		{E72B8416-D948-48AF-AA0A-93F08F43500C}.Release|Any CPU.ActiveCfg = Release|Any CPU
		{E72B8416-D948-48AF-AA0A-93F08F43500C}.Release|Any CPU.Build.0 = Release|Any CPU
	EndGlobalSection
	GlobalSection(SolutionProperties) = preSolution
		HideSolutionNode = FALSE
	EndGlobalSection
EndGlobal
